
Microsoft Visual Studio Solution File, Format Version 12.00
# Visual Studio 15
VisualStudioVersion = 15.0.27130.2036
MinimumVisualStudioVersion = 10.0.40219.1
Project("{FAE04EC0-301F-11D3-BF4B-00C04F79EFBC}") = "WebApplication2", "WebApplication2\WebApplication2.csproj", "{B0226B1E-AA72-4959-9640-931E3FEB2BB6}"
EndProject
Global
	GlobalSection(SolutionConfigurationPlatforms) = preSolution
		Debug|Any CPU = Debug|Any CPU
		Release|Any CPU = Release|Any CPU
	EndGlobalSection
	GlobalSection(ProjectConfigurationPlatforms) = postSolution
		{B0226B1E-AA72-4959-9640-931E3FEB2BB6}.Debug|Any CPU.ActiveCfg = Debug|Any CPU
		{B0226B1E-AA72-4959-9640-931E3FEB2BB6}.Debug|Any CPU.Build.0 = Debug|Any CPU
		{B0226B1E-AA72-4959-9640-931E3FEB2BB6}.Release|Any CPU.ActiveCfg = Release|Any CPU
		{B0226B1E-AA72-4959-9640-931E3FEB2BB6}.Release|Any CPU.Build.0 = Release|Any CPU
	EndGlobalSection
	GlobalSection(SolutionProperties) = preSolution
		HideSolutionNode = FALSE
	EndGlobalSection
	GlobalSection(ExtensibilityGlobals) = postSolution
		SolutionGuid = {C90F0E02-5E08-411D-8ADA-2A8989125214}
	EndGlobalSection
EndGlobal
